{
  "name": "dredd-transactions",
  "version": "0.0.0-semantically-released",
  "lockfileVersion": 1,
  "requires": true,
  "dependencies": {
    "JSONSelect": {
      "version": "0.4.0",
      "resolved": "https://registry.npmjs.org/JSONSelect/-/JSONSelect-0.4.0.tgz",
      "integrity": "sha1-oI7cxn6z/L6Z7WMIVTRKDPKCu40="
    },
    "argparse": {
      "version": "1.0.10",
      "resolved": "https://registry.npmjs.org/argparse/-/argparse-1.0.10.tgz",
      "integrity": "sha512-o5Roy6tNG4SL/FOkCAN6RzjiakZS25RLYFrcMttJqbdd8BWrnA+fGz57iN5Pb06pvBGvl5gQ0B48dJlslXvoTg==",
      "requires": {
        "sprintf-js": "~1.0.2"
      }
    },
    "call-me-maybe": {
      "version": "1.0.1",
      "resolved": "https://registry.npmjs.org/call-me-maybe/-/call-me-maybe-1.0.1.tgz",
      "integrity": "sha1-JtII6onje1y95gJQoV8DHBak1ms="
    },
    "cjson": {
      "version": "0.2.1",
      "resolved": "https://registry.npmjs.org/cjson/-/cjson-0.2.1.tgz",
      "integrity": "sha1-c82KrWXZ4VBfmvF0TTt5wVJ2gqU="
    },
    "colors": {
      "version": "0.5.1",
      "resolved": "https://registry.npmjs.org/colors/-/colors-0.5.1.tgz",
      "integrity": "sha1-fQAj6usVTo7p/Oddy5I9DtFmd3Q="
    },
    "content-type": {
      "version": "1.0.4",
      "resolved": "https://registry.npmjs.org/content-type/-/content-type-1.0.4.tgz",
      "integrity": "sha512-hIP3EEPs8tB9AT1L+NUqtwOAps4mk2Zob89MWXMHjHWg9milF/j4osnnQLXBCBFBk/tvIG/tUc9mOUJiPBhPXA=="
    },
    "core-js": {
      "version": "2.6.1",
      "resolved": "https://registry.npmjs.org/core-js/-/core-js-2.6.1.tgz",
      "integrity": "sha512-L72mmmEayPJBejKIWe2pYtGis5r0tQ5NaJekdhyXgeMQTpJoBsH0NL4ElY2LfSoV15xeQWKQ+XTTOZdyero5Xg=="
    },
    "deckardcain": {
      "version": "0.4.0",
      "resolved": "https://registry.npmjs.org/deckardcain/-/deckardcain-0.4.0.tgz",
      "integrity": "sha512-KK1pTUg9j4OMM7jmh6wZBzKzbJkqbHT4Tlx+JKAgzhbCaISc7pIVOr0Ny3RPMhlVcfJtIVByxPjIuh91pCUPcg=="
    },
    "deep-is": {
      "version": "0.1.3",
      "resolved": "https://registry.npmjs.org/deep-is/-/deep-is-0.1.3.tgz",
      "integrity": "sha1-s2nW+128E+7PUk+RsHD+7cNXzzQ="
    },
    "define-properties": {
      "version": "1.1.3",
      "resolved": "https://registry.npmjs.org/define-properties/-/define-properties-1.1.3.tgz",
      "integrity": "sha512-3MqfYKj2lLzdMSf8ZIZE/V+Zuy+BgD6f164e8K2w7dgnpKArBDerGYpM46IYYcjnkdPNMjPk9A6VFB8+3SKlXQ==",
      "requires": {
        "object-keys": "^1.0.12"
      }
    },
    "drafter": {
      "version": "1.2.0",
      "resolved": "https://registry.npmjs.org/drafter/-/drafter-1.2.0.tgz",
      "integrity": "sha1-9NEeje4fJ/mkBIW4dAxENh6c+Fk=",
      "requires": {
        "drafter.js": "^2.6.0"
      }
    },
    "drafter.js": {
      "version": "2.6.7",
      "resolved": "https://registry.npmjs.org/drafter.js/-/drafter.js-2.6.7.tgz",
      "integrity": "sha1-WcQ6hYZSc0DLNb3cVBgFWfru8AE="
    },
    "drange": {
      "version": "1.1.1",
      "resolved": "https://registry.npmjs.org/drange/-/drange-1.1.1.tgz",
      "integrity": "sha512-pYxfDYpued//QpnLIm4Avk7rsNtAtQkUES2cwAYSvD/wd2pKD71gN2Ebj3e7klzXwjocvE8c5vx/1fxwpqmSxA=="
    },
    "ebnf-parser": {
      "version": "0.1.10",
      "resolved": "https://registry.npmjs.org/ebnf-parser/-/ebnf-parser-0.1.10.tgz",
      "integrity": "sha1-zR9rpHfFY4xAyX7ZtXLbW6tdgzE="
    },
    "es-abstract": {
      "version": "1.13.0",
      "resolved": "https://registry.npmjs.org/es-abstract/-/es-abstract-1.13.0.tgz",
      "integrity": "sha512-vDZfg/ykNxQVwup/8E1BZhVzFfBxs9NqMzGcvIJrqg5k2/5Za2bWo40dK2J1pgLngZ7c+Shh8lwYtLGyrwPutg==",
      "requires": {
        "es-to-primitive": "^1.2.0",
        "function-bind": "^1.1.1",
        "has": "^1.0.3",
        "is-callable": "^1.1.4",
        "is-regex": "^1.0.4",
        "object-keys": "^1.0.12"
      }
    },
    "es-to-primitive": {
      "version": "1.2.0",
      "resolved": "https://registry.npmjs.org/es-to-primitive/-/es-to-primitive-1.2.0.tgz",
      "integrity": "sha512-qZryBOJjV//LaxLTV6UC//WewneB3LcXOL9NP++ozKVXsIIIpm/2c13UDiD9Jp2eThsecw9m3jPqDwTyobcdbg==",
      "requires": {
        "is-callable": "^1.1.4",
        "is-date-object": "^1.0.1",
        "is-symbol": "^1.0.2"
      }
    },
    "escodegen": {
      "version": "0.0.21",
      "resolved": "https://registry.npmjs.org/escodegen/-/escodegen-0.0.21.tgz",
      "integrity": "sha1-U9ZSz6EDA4gnlFilJmxf/HCcY8M=",
      "requires": {
        "esprima": "~1.0.2",
        "estraverse": "~0.0.4",
        "source-map": ">= 0.1.2"
      },
      "dependencies": {
        "esprima": {
          "version": "1.0.4",
          "resolved": "https://registry.npmjs.org/esprima/-/esprima-1.0.4.tgz",
          "integrity": "sha1-n1V+CPw7TSbs6d00+Pv0drYlha0="
        }
      }
    },
    "esprima": {
      "version": "4.0.1",
      "resolved": "https://registry.npmjs.org/esprima/-/esprima-4.0.1.tgz",
      "integrity": "sha512-eGuFFw7Upda+g4p+QHvnW0RyTX/SVeJBDM/gCtMARO0cLuT2HcEKnTPvhjV6aGeqrCB/sbNop0Kszm0jsaWU4A=="
    },
    "estraverse": {
      "version": "0.0.4",
      "resolved": "https://registry.npmjs.org/estraverse/-/estraverse-0.0.4.tgz",
      "integrity": "sha1-AaCTLf7ldGhKWYr1pnw7+bZCjbI="
    },
    "esutils": {
      "version": "2.0.2",
      "resolved": "https://registry.npmjs.org/esutils/-/esutils-2.0.2.tgz",
      "integrity": "sha1-Cr9PHKpbyx96nYrMbepPqqBLrJs="
    },
    "fast-levenshtein": {
      "version": "2.0.6",
      "resolved": "https://registry.npmjs.org/fast-levenshtein/-/fast-levenshtein-2.0.6.tgz",
      "integrity": "sha1-PYpcZog6FqMMqGQ+hR8Zuqd5eRc="
    },
    "format-util": {
      "version": "1.0.3",
      "resolved": "https://registry.npmjs.org/format-util/-/format-util-1.0.3.tgz",
      "integrity": "sha1-Ay3KShFiYqEsQ/TD7IVmQWxbLZU="
    },
    "function-bind": {
      "version": "1.1.1",
      "resolved": "https://registry.npmjs.org/function-bind/-/function-bind-1.1.1.tgz",
      "integrity": "sha512-yIovAzMX49sF8Yl58fSCWJ5svSLuaibPxXQJFLmBObTuCr0Mf1KiPopGM9NiFjiYBCbfaa2Fh6breQ6ANVTI0A=="
    },
    "fury": {
      "version": "3.0.0-beta.8",
      "resolved": "https://registry.npmjs.org/fury/-/fury-3.0.0-beta.8.tgz",
      "integrity": "sha512-9jtVYHGM4/Z1g4UFx8Sg46DLXCXzwvEI9q2Xbn4eey9+DGcJHbEKSuh/oF1sTvrjyXwQ5daH85asoCbxpHW0rA==",
      "requires": {
        "minim": "^0.22.1",
        "minim-parse-result": "^0.10.1"
      }
    },
    "fury-adapter-apib-parser": {
      "version": "0.12.0",
      "resolved": "https://registry.npmjs.org/fury-adapter-apib-parser/-/fury-adapter-apib-parser-0.12.0.tgz",
      "integrity": "sha512-FX2DMljfn6I3ZtMwdUvkNU04lXugcbYWEtV3D1+9UJpKNyo8otgOnmwxQ1ZEzvwvFj7XrJJa2nRftNwR5C+ilA==",
      "requires": {
        "deckardcain": "^0.4.0",
        "drafter": "^1.2.0",
        "minim": "^0.22.1"
      }
    },
    "fury-adapter-swagger": {
      "version": "0.23.0",
      "resolved": "https://registry.npmjs.org/fury-adapter-swagger/-/fury-adapter-swagger-0.23.0.tgz",
      "integrity": "sha512-meX0LKHaikg6FQpgrLFXUXBG9l/dhztYH9sxpuORmyDm1TRDIrfb4ti9Vx3X7WufunmXtzmuw9FsoPeotPQUhA==",
      "requires": {
        "content-type": "^1.0.4",
        "js-yaml": "^3.4.2",
        "json-schema-faker": "0.5.0-rc16",
        "lodash": "^4.15.0",
        "media-typer": "^1.0.1",
        "object.values": "^1.0.4",
        "swagger-parser": "^6.0.2",
        "yaml-js": "^0.2.3",
        "z-schema": "^3.16.1"
      }
    },
    "has": {
      "version": "1.0.3",
      "resolved": "https://registry.npmjs.org/has/-/has-1.0.3.tgz",
      "integrity": "sha512-f2dvO0VU6Oej7RkWJGrehjbzMAjFp5/VKPp5tTpWIV4JHHZK1/BxbFRtf/siA2SWTe09caDmVtYYzWEIbBS4zw==",
      "requires": {
        "function-bind": "^1.1.1"
      }
    },
    "has-symbols": {
      "version": "1.0.0",
      "resolved": "https://registry.npmjs.org/has-symbols/-/has-symbols-1.0.0.tgz",
      "integrity": "sha1-uhqPGvKg/DllD1yFA2dwQSIGO0Q="
    },
    "is-callable": {
      "version": "1.1.4",
      "resolved": "https://registry.npmjs.org/is-callable/-/is-callable-1.1.4.tgz",
      "integrity": "sha512-r5p9sxJjYnArLjObpjA4xu5EKI3CuKHkJXMhT7kwbpUyIFD1n5PMAsoPvWnvtZiNz7LjkYDRZhd7FlI0eMijEA=="
    },
    "is-date-object": {
      "version": "1.0.1",
      "resolved": "https://registry.npmjs.org/is-date-object/-/is-date-object-1.0.1.tgz",
      "integrity": "sha1-mqIOtq7rv/d/vTPnTKAbM1gdOhY="
    },
    "is-regex": {
      "version": "1.0.4",
      "resolved": "https://registry.npmjs.org/is-regex/-/is-regex-1.0.4.tgz",
      "integrity": "sha1-VRdIm1RwkbCTDglWVM7SXul+lJE=",
      "requires": {
        "has": "^1.0.1"
      }
    },
    "is-symbol": {
      "version": "1.0.2",
      "resolved": "https://registry.npmjs.org/is-symbol/-/is-symbol-1.0.2.tgz",
      "integrity": "sha512-HS8bZ9ox60yCJLH9snBpIwv9pYUAkcuLhSA1oero1UB5y9aiQpRA8y2ex945AOtCZL1lJDeIk3G5LthswI46Lw==",
      "requires": {
        "has-symbols": "^1.0.0"
      }
    },
    "jison": {
      "version": "0.4.13",
      "resolved": "https://registry.npmjs.org/jison/-/jison-0.4.13.tgz",
      "integrity": "sha1-kEFwfWIkE2f1iDRTK58ZwsNvrHg=",
      "requires": {
        "JSONSelect": "0.4.0",
        "cjson": "~0.2.1",
        "ebnf-parser": "~0.1.9",
        "escodegen": "0.0.21",
        "esprima": "1.0.x",
        "jison-lex": "0.2.x",
        "lex-parser": "~0.1.3",
        "nomnom": "1.5.2"
      },
      "dependencies": {
        "esprima": {
          "version": "1.0.4",
          "resolved": "https://registry.npmjs.org/esprima/-/esprima-1.0.4.tgz",
          "integrity": "sha1-n1V+CPw7TSbs6d00+Pv0drYlha0="
        }
      }
    },
    "jison-lex": {
      "version": "0.2.1",
      "resolved": "https://registry.npmjs.org/jison-lex/-/jison-lex-0.2.1.tgz",
      "integrity": "sha1-rEuBXozOUTLrErXfz+jXB7iETf4=",
      "requires": {
        "lex-parser": "0.1.x",
        "nomnom": "1.5.2"
      }
    },
    "js-yaml": {
      "version": "3.12.1",
      "resolved": "https://registry.npmjs.org/js-yaml/-/js-yaml-3.12.1.tgz",
      "integrity": "sha512-um46hB9wNOKlwkHgiuyEVAybXBjwFUV0Z/RaHJblRd9DXltue9FTYvzCr9ErQrK9Adz5MU4gHWVaNUfdmrC8qA==",
      "requires": {
        "argparse": "^1.0.7",
        "esprima": "^4.0.0"
      }
    },
    "json-schema-faker": {
      "version": "0.5.0-rc16",
      "resolved": "https://registry.npmjs.org/json-schema-faker/-/json-schema-faker-0.5.0-rc16.tgz",
      "integrity": "sha512-pDGpYWf3UjwhEBDfRot8q9eWQdekTb2BmykpX0QCqSV/pkniyIWnRa8+/oUWyK4h+1wRqUKoKx14JqIIrTW9LA==",
      "requires": {
        "json-schema-ref-parser": "^5.0.0",
        "jsonpath": "^1.0.0",
        "randexp": "^0.5.3"
      }
    },
    "json-schema-ref-parser": {
      "version": "5.1.3",
      "resolved": "https://registry.npmjs.org/json-schema-ref-parser/-/json-schema-ref-parser-5.1.3.tgz",
      "integrity": "sha512-CpDFlBwz/6la78hZxyB9FECVKGYjIIl3Ms3KLqFj99W7IIb7D00/RDgc++IGB4BBALl0QRhh5m4q5WNSopvLtQ==",
      "requires": {
        "call-me-maybe": "^1.0.1",
        "debug": "^3.1.0",
        "js-yaml": "^3.12.0",
        "ono": "^4.0.6"
      },
      "dependencies": {
        "debug": {
          "version": "3.2.6",
          "resolved": "https://registry.npmjs.org/debug/-/debug-3.2.6.tgz",
          "integrity": "sha512-mel+jf7nrtEl5Pn1Qx46zARXKDpBbvzezse7p7LqINmdoIk8PYP5SySaxEmYv6TZ0JyEKA1hsCId6DIhgITtWQ==",
          "requires": {
            "ms": "^2.1.1"
          }
        },
        "ms": {
          "version": "2.1.1",
          "resolved": "https://registry.npmjs.org/ms/-/ms-2.1.1.tgz",
          "integrity": "sha512-tgp+dl5cGk28utYktBsrFqA7HKgrhgPsg6Z/EfhWI4gl1Hwq8B/GmY/0oXZ6nF8hDVesS/FpnYaD/kOWhYQvyg=="
        }
      }
    },
    "jsonpath": {
      "version": "1.0.0",
      "resolved": "https://registry.npmjs.org/jsonpath/-/jsonpath-1.0.0.tgz",
      "integrity": "sha1-Rc2dTE0NaCXZC9fkD4PxGCsT3Qc=",
      "requires": {
        "esprima": "1.2.2",
        "jison": "0.4.13",
        "static-eval": "2.0.0",
        "underscore": "1.7.0"
      },
      "dependencies": {
        "esprima": {
          "version": "1.2.2",
          "resolved": "https://registry.npmjs.org/esprima/-/esprima-1.2.2.tgz",
          "integrity": "sha1-dqD9Zvz+FU/SkmZ9wmQBl1CxZXs="
        }
      }
    },
    "jsonschema": {
      "version": "1.2.4",
      "resolved": "https://registry.npmjs.org/jsonschema/-/jsonschema-1.2.4.tgz",
      "integrity": "sha512-lz1nOH69GbsVHeVgEdvyavc/33oymY1AZwtePMiMj4HZPMbP5OIKK3zT9INMWjwua/V4Z4yq7wSlBbSG+g4AEw=="
    },
    "jsonschema-draft4": {
      "version": "1.0.0",
      "resolved": "https://registry.npmjs.org/jsonschema-draft4/-/jsonschema-draft4-1.0.0.tgz",
      "integrity": "sha1-8K8gBQVPDwrefqIRhhS2ncUS2GU="
    },
    "levn": {
      "version": "0.3.0",
      "resolved": "https://registry.npmjs.org/levn/-/levn-0.3.0.tgz",
      "integrity": "sha1-OwmSTt+fCDwEkP3UwLxEIeBHZO4=",
      "requires": {
        "prelude-ls": "~1.1.2",
        "type-check": "~0.3.2"
      }
    },
    "lex-parser": {
      "version": "0.1.4",
      "resolved": "https://registry.npmjs.org/lex-parser/-/lex-parser-0.1.4.tgz",
      "integrity": "sha1-ZMTwJfF/1Tv7RXY/rrFvAVp0dVA="
    },
    "lodash": {
      "version": "4.17.11",
      "resolved": "https://registry.npmjs.org/lodash/-/lodash-4.17.11.tgz",
      "integrity": "sha512-cQKh8igo5QUhZ7lg38DYWAxMvjSAKG0A8wGSVimP07SIUEK2UO+arSRKbRZWtelMtN5V0Hkwh5ryOto/SshYIg=="
    },
    "lodash.get": {
      "version": "4.4.2",
      "resolved": "https://registry.npmjs.org/lodash.get/-/lodash.get-4.4.2.tgz",
      "integrity": "sha1-LRd/ZS+jHpObRDjVNBSZ36OCXpk="
    },
    "lodash.isequal": {
      "version": "4.5.0",
      "resolved": "https://registry.npmjs.org/lodash.isequal/-/lodash.isequal-4.5.0.tgz",
      "integrity": "sha1-QVxEePK8wwEgwizhDtMib30+GOA="
    },
    "media-typer": {
      "version": "1.0.1",
      "resolved": "https://registry.npmjs.org/media-typer/-/media-typer-1.0.1.tgz",
      "integrity": "sha512-v42gdPIuqYCoDVH5OiaKsVrv6aJqdMWJzl8KCyDs/KeDyBveYp3Wxq4UWJfsWjkSZUNC0xlLfDlLCPa1h/oo+g=="
    },
    "minim": {
      "version": "0.22.1",
      "resolved": "https://registry.npmjs.org/minim/-/minim-0.22.1.tgz",
      "integrity": "sha512-wi52rk6Kbzr+OATkLJH3aCqkpFRV1w/CyniDcDAJ5fOFKdeORzfE6FI2Kg/XET9VHiIobLroBaa34DhnEs6+yQ==",
      "requires": {
        "lodash": "^4.15.0",
        "uptown": "^1.1.0"
      }
    },
    "minim-api-description": {
      "version": "0.8.1",
      "resolved": "https://registry.npmjs.org/minim-api-description/-/minim-api-description-0.8.1.tgz",
      "integrity": "sha512-Tby/4oxIGD+bHimYFrOuQjA2h0jbyjIt9EmCFfyAOpkDjGkFWCXvfo137w49+ToUMj30cYNGM6TXyVoX3Zuuww=="
    },
    "minim-parse-result": {
      "version": "0.10.1",
      "resolved": "https://registry.npmjs.org/minim-parse-result/-/minim-parse-result-0.10.1.tgz",
      "integrity": "sha512-FZ9uZSsJOtGQ1fPjHOoT291J0K53BlL4XphiPIZc4zwNyrlS0m7o/QhupeAJ7xKz+6FNJJDKxfzw7LijPK0WBw==",
      "requires": {
        "minim-api-description": "^0.8.1"
      }
    },
    "nomnom": {
      "version": "1.5.2",
      "resolved": "https://registry.npmjs.org/nomnom/-/nomnom-1.5.2.tgz",
      "integrity": "sha1-9DRUSKhTz71cDSYyDyR3qwUm/i8=",
      "requires": {
        "colors": "0.5.x",
        "underscore": "1.1.x"
      },
      "dependencies": {
        "underscore": {
          "version": "1.1.7",
          "resolved": "https://registry.npmjs.org/underscore/-/underscore-1.1.7.tgz",
          "integrity": "sha1-QLq4S60Z0jAJbo1u9ii/8FXYPbA="
        }
      }
    },
    "object-keys": {
      "version": "1.0.12",
      "resolved": "https://registry.npmjs.org/object-keys/-/object-keys-1.0.12.tgz",
      "integrity": "sha512-FTMyFUm2wBcGHnH2eXmz7tC6IwlqQZ6mVZ+6dm6vZ4IQIHjs6FdNsQBuKGPuUUUY6NfJw2PshC08Tn6LzLDOag=="
    },
    "object.values": {
      "version": "1.1.0",
      "resolved": "https://registry.npmjs.org/object.values/-/object.values-1.1.0.tgz",
      "integrity": "sha512-8mf0nKLAoFX6VlNVdhGj31SVYpaNFtUnuoOXWyFEstsWRgU837AK+JYM0iAxwkSzGRbwn8cbFmgbyxj1j4VbXg==",
      "requires": {
        "define-properties": "^1.1.3",
        "es-abstract": "^1.12.0",
        "function-bind": "^1.1.1",
        "has": "^1.0.3"
      }
    },
    "ono": {
      "version": "4.0.11",
      "resolved": "https://registry.npmjs.org/ono/-/ono-4.0.11.tgz",
      "integrity": "sha512-jQ31cORBFE6td25deYeD80wxKBMj+zBmHTrVxnc6CKhx8gho6ipmWM5zj/oeoqioZ99yqBls9Z/9Nss7J26G2g==",
      "requires": {
        "format-util": "^1.0.3"
      }
    },
    "openapi-schema-validation": {
      "version": "0.4.2",
      "resolved": "https://registry.npmjs.org/openapi-schema-validation/-/openapi-schema-validation-0.4.2.tgz",
      "integrity": "sha512-K8LqLpkUf2S04p2Nphq9L+3bGFh/kJypxIG2NVGKX0ffzT4NQI9HirhiY6Iurfej9lCu7y4Ndm4tv+lm86Ck7w==",
      "requires": {
        "jsonschema": "1.2.4",
        "jsonschema-draft4": "^1.0.0",
        "swagger-schema-official": "2.0.0-bab6bed"
      }
    },
    "optionator": {
      "version": "0.8.2",
      "resolved": "https://registry.npmjs.org/optionator/-/optionator-0.8.2.tgz",
      "integrity": "sha1-NkxeQJ0/TWMB1sC0wFu6UBgK62Q=",
      "requires": {
        "deep-is": "~0.1.3",
        "fast-levenshtein": "~2.0.4",
        "levn": "~0.3.0",
        "prelude-ls": "~1.1.2",
        "type-check": "~0.3.2",
        "wordwrap": "~1.0.0"
      }
    },
    "pct-encode": {
      "version": "1.0.2",
      "resolved": "https://registry.npmjs.org/pct-encode/-/pct-encode-1.0.2.tgz",
      "integrity": "sha1-uZt7BE1r18OeSDmnqAEirXUVyqU="
    },
    "prelude-ls": {
      "version": "1.1.2",
      "resolved": "https://registry.npmjs.org/prelude-ls/-/prelude-ls-1.1.2.tgz",
      "integrity": "sha1-IZMqVJ9eUv/ZqCf1cOBL5iqX2lQ="
    },
    "randexp": {
      "version": "0.5.3",
      "resolved": "https://registry.npmjs.org/randexp/-/randexp-0.5.3.tgz",
      "integrity": "sha512-U+5l2KrcMNOUPYvazA3h5ekF80FHTUG+87SEAmHZmolh1M+i/WyTCxVzmi+tidIa1tM4BSe8g2Y/D3loWDjj+w==",
      "requires": {
        "drange": "^1.0.2",
        "ret": "^0.2.0"
      },
      "dependencies": {
        "ret": {
          "version": "0.2.2",
          "resolved": "https://registry.npmjs.org/ret/-/ret-0.2.2.tgz",
          "integrity": "sha512-M0b3YWQs7R3Z917WRQy1HHA7Ba7D8hvZg6UE5mLykJxQVE2ju0IXbGlaHPPlkY+WN7wFP+wUMXmBFA0aV6vYGQ=="
        }
      }
    },
    "source-map": {
      "version": "0.5.7",
      "resolved": "https://registry.npmjs.org/source-map/-/source-map-0.5.7.tgz",
      "integrity": "sha1-igOdLRAh0i0eoUyA2OpGi6LvP8w="
    },
    "sprintf-js": {
      "version": "1.0.3",
      "resolved": "https://registry.npmjs.org/sprintf-js/-/sprintf-js-1.0.3.tgz",
      "integrity": "sha1-BOaSb2YolTVPPdAVIDYzuFcpfiw="
    },
    "static-eval": {
      "version": "2.0.0",
      "resolved": "https://registry.npmjs.org/static-eval/-/static-eval-2.0.0.tgz",
      "integrity": "sha512-6flshd3F1Gwm+Ksxq463LtFd1liC77N/PX1FVVc3OzL3hAmo2fwHFbuArkcfi7s9rTNsLEhcRmXGFZhlgy40uw==",
      "requires": {
        "escodegen": "^1.8.1"
      },
      "dependencies": {
        "escodegen": {
          "version": "1.11.0",
          "resolved": "https://registry.npmjs.org/escodegen/-/escodegen-1.11.0.tgz",
          "integrity": "sha512-IeMV45ReixHS53K/OmfKAIztN/igDHzTJUhZM3k1jMhIZWjk45SMwAtBsEXiJp3vSPmTcu6CXn7mDvFHRN66fw==",
          "requires": {
            "esprima": "^3.1.3",
            "estraverse": "^4.2.0",
            "esutils": "^2.0.2",
            "optionator": "^0.8.1",
            "source-map": "~0.6.1"
          }
        },
        "esprima": {
          "version": "3.1.3",
          "resolved": "https://registry.npmjs.org/esprima/-/esprima-3.1.3.tgz",
          "integrity": "sha1-/cpRzuYTOJXjyI1TXOSdv/YqRjM="
        },
        "estraverse": {
          "version": "4.2.0",
          "resolved": "https://registry.npmjs.org/estraverse/-/estraverse-4.2.0.tgz",
          "integrity": "sha1-De4/7TH81GlhjOc0IJn8GvoL2xM="
        },
        "source-map": {
          "version": "0.6.1",
          "resolved": "https://registry.npmjs.org/source-map/-/source-map-0.6.1.tgz",
          "integrity": "sha512-UjgapumWlbMhkBgzT7Ykc5YXUT46F0iKu8SGXq0bcwP5dz/h0Plj6enJqjz1Zbq2l5WaqYnrVbwWOWMyF3F47g==",
          "optional": true
        }
      }
    },
    "swagger-methods": {
      "version": "1.0.8",
      "resolved": "https://registry.npmjs.org/swagger-methods/-/swagger-methods-1.0.8.tgz",
      "integrity": "sha512-G6baCwuHA+C5jf4FNOrosE4XlmGsdjbOjdBK4yuiDDj/ro9uR4Srj3OR84oQMT8F3qKp00tYNv0YN730oTHPZA=="
    },
    "swagger-parser": {
      "version": "6.0.2",
      "resolved": "https://registry.npmjs.org/swagger-parser/-/swagger-parser-6.0.2.tgz",
      "integrity": "sha512-MEl1Y1AfC4XL8050wf5HRE9fH74YVJxgHBrRNyqRwaY8Q+Fiuc5QV4wRtKtWx1ycpUCY1KZcjyc44MmL/CEryw==",
      "requires": {
        "call-me-maybe": "^1.0.1",
        "json-schema-ref-parser": "^6.0.2",
        "ono": "^4.0.10",
        "openapi-schema-validation": "^0.4.2",
        "swagger-methods": "^1.0.6",
        "swagger-schema-official": "2.0.0-bab6bed",
        "z-schema": "^3.24.1"
      },
      "dependencies": {
        "json-schema-ref-parser": {
          "version": "6.0.2",
          "resolved": "https://registry.npmjs.org/json-schema-ref-parser/-/json-schema-ref-parser-6.0.2.tgz",
          "integrity": "sha512-EENU7mrmuBAdjSsAEJD8mMvodZyDhLBEfuSUBSIMuXqjs+cfMbFaxS8f6+ky675jetRzGzCdhzAU3y2VEtquvQ==",
          "requires": {
            "call-me-maybe": "^1.0.1",
            "js-yaml": "^3.12.0",
            "ono": "^4.0.10"
          }
        }
      }
    },
    "swagger-schema-official": {
      "version": "2.0.0-bab6bed",
      "resolved": "https://registry.npmjs.org/swagger-schema-official/-/swagger-schema-official-2.0.0-bab6bed.tgz",
      "integrity": "sha1-cAcEaNbSl3ylI3suUZyn0Gouo/0="
    },
    "type-check": {
      "version": "0.3.2",
      "resolved": "https://registry.npmjs.org/type-check/-/type-check-0.3.2.tgz",
      "integrity": "sha1-WITKtRLPHTVeP7eE8wgEsrUg23I=",
      "requires": {
        "prelude-ls": "~1.1.2"
      }
    },
    "underscore": {
      "version": "1.7.0",
      "resolved": "https://registry.npmjs.org/underscore/-/underscore-1.7.0.tgz",
      "integrity": "sha1-a7rwh3UA02vjTsqlhODbn+8DUgk="
    },
    "uptown": {
      "version": "1.1.0",
      "resolved": "https://registry.npmjs.org/uptown/-/uptown-1.1.0.tgz",
      "integrity": "sha512-8CVRVG6jNECwHMVl/i4AjmRemtNp/JwQVENdj6DLWXCk0agxY2sBNXqGEyIRhr22fLPj1AD98TK+88i+U1JsWA==",
      "requires": {
        "lodash": "^4.14.2"
      }
    },
    "uri-template": {
      "version": "1.0.1",
      "resolved": "https://registry.npmjs.org/uri-template/-/uri-template-1.0.1.tgz",
      "integrity": "sha1-FKklo35Nk/diVDKqEWsF5Qyuga0=",
      "requires": {
        "pct-encode": "~1.0.0"
      }
    },
    "validator": {
      "version": "10.10.0",
      "resolved": "https://registry.npmjs.org/validator/-/validator-10.10.0.tgz",
      "integrity": "sha512-DyZyLJlMXM3CGdVaVHE/EDzCagMRoPI3mmGdxxNQbqkGqh56+M3d1i0ZAWd69En8U21DHbPTn12aOdhO+hfm5w=="
    },
    "wordwrap": {
      "version": "1.0.0",
      "resolved": "https://registry.npmjs.org/wordwrap/-/wordwrap-1.0.0.tgz",
      "integrity": "sha1-J1hIEIkUVqQXHI0CJkQa3pDLyus="
    },
    "yaml-js": {
      "version": "0.2.3",
      "resolved": "https://registry.npmjs.org/yaml-js/-/yaml-js-0.2.3.tgz",
      "integrity": "sha512-6xUQtVKl1qcd0EXtTEzUDVJy9Ji1fYa47LtkDtYKlIjhibPE9knNPmoRyf6SGREFHlOAUyDe9OdYqRP4DuSi5Q=="
    },
    "z-schema": {
      "version": "3.24.2",
      "resolved": "https://registry.npmjs.org/z-schema/-/z-schema-3.24.2.tgz",
      "integrity": "sha512-Zb2YLJ9g72MexBXKPRzoypd4OZfVkFghdy10eVbcMNLl9YQsPXtyMpiK7a3sG7IIERg1lEDjEMrG9Km9DPbWLw==",
      "requires": {
        "commander": "^2.7.1",
        "core-js": "^2.5.7",
        "lodash.get": "^4.0.0",
        "lodash.isequal": "^4.0.0",
        "validator": "^10.0.0"
      },
      "dependencies": {
        "commander": {
          "version": "2.19.0",
          "resolved": "https://registry.npmjs.org/commander/-/commander-2.19.0.tgz",
          "integrity": "sha512-6tvAOO+D6OENvRAh524Dh9jcfKTYDQAqvqezbCW82xj5X0pSrcpxtvRKHLG0yBY6SD7PSDrJaj+0AiOcKVd1Xg==",
          "optional": true
        }
      }
    }
  }
}